version: 2.0
shards:
  term-cursor:
    git: https://github.com/crystal-term/cursor.git
    version: 0.1.0+git.commit.8805d5f686d153db92cf2ce3333433f8ed3708d0

  term-reader:
    git: https://github.com/crystal-term/reader.git
    version: 0.1.0+git.commit.e174733435c96c745bee31ac5c5d4def3ccf4285

  term-screen:
    git: https://github.com/crystal-term/screen.git
    version: 0.1.0+git.commit.96a06e1ee015e38013822dc31288a46d35056ed2

